
Microsoft Visual Studio Solution File, Format Version 12.00
# Visual Studio Version 17
VisualStudioVersion = 17.5.33530.505
MinimumVisualStudioVersion = 10.0.40219.1
Project("{9A19103F-16F7-4668-BE54-9A1E7A4F7556}") = "TranspolarProject", "TranspolarProject\TranspolarProject.csproj", "{783EB7D4-4D81-4F2D-9E65-1D0DA4FB3C04}"
EndProject
Project("{9A19103F-16F7-4668-BE54-9A1E7A4F7556}") = "EntityLayer", "EntityLayer\EntityLayer.csproj", "{CD21A5A4-387A-4530-ABE6-CD6D6DB1BE72}"
EndProject
Project("{9A19103F-16F7-4668-BE54-9A1E7A4F7556}") = "DataAccessLayer", "DataAccessLayer\DataAccessLayer.csproj", "{281C0519-FF11-4466-8A28-7EEC8723CA06}"
EndProject
Project("{9A19103F-16F7-4668-BE54-9A1E7A4F7556}") = "BusinessLayer", "BusinessLayer\BusinessLayer.csproj", "{12B34247-E23F-4413-A999-A3F03D5D10A7}"
EndProject
Global
	GlobalSection(SolutionConfigurationPlatforms) = preSolution
		Debug|Any CPU = Debug|Any CPU
		Release|Any CPU = Release|Any CPU
	EndGlobalSection
	GlobalSection(ProjectConfigurationPlatforms) = postSolution
		{783EB7D4-4D81-4F2D-9E65-1D0DA4FB3C04}.Debug|Any CPU.ActiveCfg = Debug|Any CPU
		{783EB7D4-4D81-4F2D-9E65-1D0DA4FB3C04}.Debug|Any CPU.Build.0 = Debug|Any CPU
		{783EB7D4-4D81-4F2D-9E65-1D0DA4FB3C04}.Release|Any CPU.ActiveCfg = Release|Any CPU
		{783EB7D4-4D81-4F2D-9E65-1D0DA4FB3C04}.Release|Any CPU.Build.0 = Release|Any CPU
		{CD21A5A4-387A-4530-ABE6-CD6D6DB1BE72}.Debug|Any CPU.ActiveCfg = Debug|Any CPU
		{CD21A5A4-387A-4530-ABE6-CD6D6DB1BE72}.Debug|Any CPU.Build.0 = Debug|Any CPU
		{CD21A5A4-387A-4530-ABE6-CD6D6DB1BE72}.Release|Any CPU.ActiveCfg = Release|Any CPU
		{CD21A5A4-387A-4530-ABE6-CD6D6DB1BE72}.Release|Any CPU.Build.0 = Release|Any CPU
		{281C0519-FF11-4466-8A28-7EEC8723CA06}.Debug|Any CPU.ActiveCfg = Debug|Any CPU
		{281C0519-FF11-4466-8A28-7EEC8723CA06}.Debug|Any CPU.Build.0 = Debug|Any CPU
		{281C0519-FF11-4466-8A28-7EEC8723CA06}.Release|Any CPU.ActiveCfg = Release|Any CPU
		{281C0519-FF11-4466-8A28-7EEC8723CA06}.Release|Any CPU.Build.0 = Release|Any CPU
		{12B34247-E23F-4413-A999-A3F03D5D10A7}.Debug|Any CPU.ActiveCfg = Debug|Any CPU
		{12B34247-E23F-4413-A999-A3F03D5D10A7}.Debug|Any CPU.Build.0 = Debug|Any CPU
		{12B34247-E23F-4413-A999-A3F03D5D10A7}.Release|Any CPU.ActiveCfg = Release|Any CPU
		{12B34247-E23F-4413-A999-A3F03D5D10A7}.Release|Any CPU.Build.0 = Release|Any CPU
	EndGlobalSection
	GlobalSection(SolutionProperties) = preSolution
		HideSolutionNode = FALSE
	EndGlobalSection
	GlobalSection(ExtensibilityGlobals) = postSolution
		SolutionGuid = {7E9941D5-FD6E-4467-BCEB-B8672926488D}
	EndGlobalSection
EndGlobal
